
Microsoft Visual Studio Solution File, Format Version 12.00
# Visual Studio 15
VisualStudioVersion = 15.0.27004.2008
MinimumVisualStudioVersion = 10.0.40219.1
Project("{FAE04EC0-301F-11D3-BF4B-00C04F79EFBC}") = "RimworldDiscoverTechs", "RimworldDiscoverTechs\RimworldDiscoverTechs.csproj", "{D58FFAD1-D489-4981-8A45-383E0D49BAB0}"
EndProject
Global
	GlobalSection(SolutionConfigurationPlatforms) = preSolution
		Debug|Any CPU = Debug|Any CPU
		Release|Any CPU = Release|Any CPU
	EndGlobalSection
	GlobalSection(ProjectConfigurationPlatforms) = postSolution
		{D58FFAD1-D489-4981-8A45-383E0D49BAB0}.Debug|Any CPU.ActiveCfg = Debug|Any CPU
		{D58FFAD1-D489-4981-8A45-383E0D49BAB0}.Debug|Any CPU.Build.0 = Debug|Any CPU
		{D58FFAD1-D489-4981-8A45-383E0D49BAB0}.Release|Any CPU.ActiveCfg = Release|Any CPU
		{D58FFAD1-D489-4981-8A45-383E0D49BAB0}.Release|Any CPU.Build.0 = Release|Any CPU
	EndGlobalSection
	GlobalSection(SolutionProperties) = preSolution
		HideSolutionNode = FALSE
	EndGlobalSection
	GlobalSection(ExtensibilityGlobals) = postSolution
		SolutionGuid = {6CFF9502-0925-4D9D-9751-E539C7C43B74}
	EndGlobalSection
EndGlobal
